
Microsoft Visual Studio Solution File, Format Version 12.00
# Visual Studio 15
VisualStudioVersion = 15.0.26430.12
MinimumVisualStudioVersion = 10.0.40219.1
Project("{FAE04EC0-301F-11D3-BF4B-00C04F79EFBC}") = "NSubstituteApprovalExtensions", "NSubstituteApprovalExtensions\NSubstituteApprovalExtensions.csproj", "{21F0C6BA-D288-40D1-A0F1-56D351F7FCA0}"
EndProject
Project("{FAE04EC0-301F-11D3-BF4B-00C04F79EFBC}") = "NSubstituteApprovalExtetensions.Tests", "NSubstituteApprovalExtensions.Tests\NSubstituteApprovalExtetensions.Tests.csproj", "{5347B656-F9D5-4BC5-8779-FECC49FBDE79}"
EndProject
Global
	GlobalSection(SolutionConfigurationPlatforms) = preSolution
		Debug|Any CPU = Debug|Any CPU
		Release|Any CPU = Release|Any CPU
	EndGlobalSection
	GlobalSection(ProjectConfigurationPlatforms) = postSolution
		{21F0C6BA-D288-40D1-A0F1-56D351F7FCA0}.Debug|Any CPU.ActiveCfg = Debug|Any CPU
		{21F0C6BA-D288-40D1-A0F1-56D351F7FCA0}.Debug|Any CPU.Build.0 = Debug|Any CPU
		{21F0C6BA-D288-40D1-A0F1-56D351F7FCA0}.Release|Any CPU.ActiveCfg = Release|Any CPU
		{21F0C6BA-D288-40D1-A0F1-56D351F7FCA0}.Release|Any CPU.Build.0 = Release|Any CPU
		{5347B656-F9D5-4BC5-8779-FECC49FBDE79}.Debug|Any CPU.ActiveCfg = Debug|Any CPU
		{5347B656-F9D5-4BC5-8779-FECC49FBDE79}.Debug|Any CPU.Build.0 = Debug|Any CPU
		{5347B656-F9D5-4BC5-8779-FECC49FBDE79}.Release|Any CPU.ActiveCfg = Release|Any CPU
		{5347B656-F9D5-4BC5-8779-FECC49FBDE79}.Release|Any CPU.Build.0 = Release|Any CPU
	EndGlobalSection
	GlobalSection(SolutionProperties) = preSolution
		HideSolutionNode = FALSE
	EndGlobalSection
	GlobalSection(ExtensibilityGlobals) = postSolution
		SolutionGuid = {8E3083A7-7F6C-4D9A-8327-554D316B8A72}
	EndGlobalSection
EndGlobal
